PODS:
  - GoogleMaps (9.2.0):
    - GoogleMaps/Maps (= 9.2.0)
  - GoogleMaps/Maps (9.2.0)

DEPENDENCIES:
  - GoogleMaps (= 9.2.0)

SPEC REPOS:
  trunk:
    - GoogleMaps

SPEC CHECKSUMS:
  GoogleMaps: 634ec3ca99698b31ca2253d64f017217d70cfb38

PODFILE CHECKSUM: 8d68badb4df7695a690966c3de701663557ccf50

COCOAPODS: 1.16.2
